
Microsoft Visual Studio Solution File, Format Version 12.00
# Visual Studio Version 17
VisualStudioVersion = 17.10.35004.147
MinimumVisualStudioVersion = 10.0.40219.1
Project("{FAE04EC0-301F-11D3-BF4B-00C04F79EFBC}") = "Bai1_PhepTinhCoBan", "Bai1_PhepTinhCoBan.csproj", "{C97F114E-DA71-4E20-8E36-F6EDE8F1CDF0}"
EndProject
Global
	GlobalSection(SolutionConfigurationPlatforms) = preSolution
		Debug|Any CPU = Debug|Any CPU
		Release|Any CPU = Release|Any CPU
	EndGlobalSection
	GlobalSection(ProjectConfigurationPlatforms) = postSolution
		{C97F114E-DA71-4E20-8E36-F6EDE8F1CDF0}.Debug|Any CPU.ActiveCfg = Debug|Any CPU
		{C97F114E-DA71-4E20-8E36-F6EDE8F1CDF0}.Debug|Any CPU.Build.0 = Debug|Any CPU
		{C97F114E-DA71-4E20-8E36-F6EDE8F1CDF0}.Release|Any CPU.ActiveCfg = Release|Any CPU
		{C97F114E-DA71-4E20-8E36-F6EDE8F1CDF0}.Release|Any CPU.Build.0 = Release|Any CPU
	EndGlobalSection
	GlobalSection(SolutionProperties) = preSolution
		HideSolutionNode = FALSE
	EndGlobalSection
	GlobalSection(ExtensibilityGlobals) = postSolution
		SolutionGuid = {03C2E9BA-647A-44C3-BB1A-1EBCE1AD638A}
	EndGlobalSection
EndGlobal
